
Microsoft Visual Studio Solution File, Format Version 12.00
# Visual Studio 14
VisualStudioVersion = 14.0.24720.0
MinimumVisualStudioVersion = 10.0.40219.1
Project("{F2A71F9B-5D33-465A-A702-920D77279786}") = "BlogGenerator", "src\BlogGenerator\BlogGenerator.fsproj", "{7AFD05E6-3210-42AF-8443-6D628AA4F6C8}"
EndProject
Project("{2150E333-8FDC-42A3-9474-1A3956D46DE8}") = "Solution Items", "Solution Items", "{51255528-D74A-42EA-A15E-6F3D73A5846C}"
	ProjectSection(SolutionItems) = preProject
		paket.dependencies = paket.dependencies
	EndProjectSection
EndProject
Project("{F2A71F9B-5D33-465A-A702-920D77279786}") = "BlogGeneratorTests", "src\BlogGeneratorTests\BlogGeneratorTests.fsproj", "{E8A24CD0-C525-4ECC-BE7C-28DD4E4DD88E}"
EndProject
Global
	GlobalSection(SolutionConfigurationPlatforms) = preSolution
		Debug|Any CPU = Debug|Any CPU
		Release|Any CPU = Release|Any CPU
	EndGlobalSection
	GlobalSection(ProjectConfigurationPlatforms) = postSolution
		{7AFD05E6-3210-42AF-8443-6D628AA4F6C8}.Debug|Any CPU.ActiveCfg = Debug|Any CPU
		{7AFD05E6-3210-42AF-8443-6D628AA4F6C8}.Debug|Any CPU.Build.0 = Debug|Any CPU
		{7AFD05E6-3210-42AF-8443-6D628AA4F6C8}.Release|Any CPU.ActiveCfg = Release|Any CPU
		{7AFD05E6-3210-42AF-8443-6D628AA4F6C8}.Release|Any CPU.Build.0 = Release|Any CPU
		{E8A24CD0-C525-4ECC-BE7C-28DD4E4DD88E}.Debug|Any CPU.ActiveCfg = Debug|Any CPU
		{E8A24CD0-C525-4ECC-BE7C-28DD4E4DD88E}.Debug|Any CPU.Build.0 = Debug|Any CPU
		{E8A24CD0-C525-4ECC-BE7C-28DD4E4DD88E}.Release|Any CPU.ActiveCfg = Release|Any CPU
		{E8A24CD0-C525-4ECC-BE7C-28DD4E4DD88E}.Release|Any CPU.Build.0 = Release|Any CPU
	EndGlobalSection
	GlobalSection(SolutionProperties) = preSolution
		HideSolutionNode = FALSE
	EndGlobalSection
EndGlobal
